
Microsoft Visual Studio Solution File, Format Version 12.00
# Visual Studio Version 16
VisualStudioVersion = 16.0.31829.152
MinimumVisualStudioVersion = 10.0.40219.1
Project("{FAE04EC0-301F-11D3-BF4B-00C04F79EFBC}") = "Mobileenheder", "Mobileenheder\Mobileenheder.csproj", "{575105CF-B748-4ACE-BEC7-AABAA3CC298E}"
EndProject
Global
	GlobalSection(SolutionConfigurationPlatforms) = preSolution
		Debug|Any CPU = Debug|Any CPU
		Release|Any CPU = Release|Any CPU
	EndGlobalSection
	GlobalSection(ProjectConfigurationPlatforms) = postSolution
		{575105CF-B748-4ACE-BEC7-AABAA3CC298E}.Debug|Any CPU.ActiveCfg = Debug|Any CPU
		{575105CF-B748-4ACE-BEC7-AABAA3CC298E}.Debug|Any CPU.Build.0 = Debug|Any CPU
		{575105CF-B748-4ACE-BEC7-AABAA3CC298E}.Release|Any CPU.ActiveCfg = Release|Any CPU
		{575105CF-B748-4ACE-BEC7-AABAA3CC298E}.Release|Any CPU.Build.0 = Release|Any CPU
	EndGlobalSection
	GlobalSection(SolutionProperties) = preSolution
		HideSolutionNode = FALSE
	EndGlobalSection
	GlobalSection(ExtensibilityGlobals) = postSolution
		SolutionGuid = {76615C29-79BF-4088-A35F-32BA63382920}
	EndGlobalSection
EndGlobal
